
Microsoft Visual Studio Solution File, Format Version 12.00
# Visual Studio Version 17
VisualStudioVersion = 17.12.35527.113
MinimumVisualStudioVersion = 10.0.40219.1
Project("{FAE04EC0-301F-11D3-BF4B-00C04F79EFBC}") = "Exercice01_CreationClass", "Exercice01_CreationClass\Exercice01_CreationClass.csproj", "{B9F3C336-BC7B-4CA4-8117-089ABE07D119}"
EndProject
Project("{FAE04EC0-301F-11D3-BF4B-00C04F79EFBC}") = "Exercice02_GestionBanque", "Exercice02_GestionBanque\Exercice02_GestionBanque.csproj", "{5CC4186D-534B-4E14-B39A-985575F5F363}"
EndProject
Project("{FAE04EC0-301F-11D3-BF4B-00C04F79EFBC}") = "Exercice03_CarWash", "Exercice03_CarWash\Exercice03_CarWash.csproj", "{F65A5B84-78F2-4C55-8B69-EA5741B8E98C}"
EndProject
Global
	GlobalSection(SolutionConfigurationPlatforms) = preSolution
		Debug|Any CPU = Debug|Any CPU
		Release|Any CPU = Release|Any CPU
	EndGlobalSection
	GlobalSection(ProjectConfigurationPlatforms) = postSolution
		{B9F3C336-BC7B-4CA4-8117-089ABE07D119}.Debug|Any CPU.ActiveCfg = Debug|Any CPU
		{B9F3C336-BC7B-4CA4-8117-089ABE07D119}.Debug|Any CPU.Build.0 = Debug|Any CPU
		{B9F3C336-BC7B-4CA4-8117-089ABE07D119}.Release|Any CPU.ActiveCfg = Release|Any CPU
		{B9F3C336-BC7B-4CA4-8117-089ABE07D119}.Release|Any CPU.Build.0 = Release|Any CPU
		{5CC4186D-534B-4E14-B39A-985575F5F363}.Debug|Any CPU.ActiveCfg = Debug|Any CPU
		{5CC4186D-534B-4E14-B39A-985575F5F363}.Debug|Any CPU.Build.0 = Debug|Any CPU
		{5CC4186D-534B-4E14-B39A-985575F5F363}.Release|Any CPU.ActiveCfg = Release|Any CPU
		{5CC4186D-534B-4E14-B39A-985575F5F363}.Release|Any CPU.Build.0 = Release|Any CPU
		{F65A5B84-78F2-4C55-8B69-EA5741B8E98C}.Debug|Any CPU.ActiveCfg = Debug|Any CPU
		{F65A5B84-78F2-4C55-8B69-EA5741B8E98C}.Debug|Any CPU.Build.0 = Debug|Any CPU
		{F65A5B84-78F2-4C55-8B69-EA5741B8E98C}.Release|Any CPU.ActiveCfg = Release|Any CPU
		{F65A5B84-78F2-4C55-8B69-EA5741B8E98C}.Release|Any CPU.Build.0 = Release|Any CPU
	EndGlobalSection
	GlobalSection(SolutionProperties) = preSolution
		HideSolutionNode = FALSE
	EndGlobalSection
EndGlobal
